
Microsoft Visual Studio Solution File, Format Version 11.00
# Visual Studio 2010
Project("{FAE04EC0-301F-11D3-BF4B-00C04F79EFBC}") = "Create-Login User Sample", "Create-Login User Sample.csproj", "{71038434-C2D9-49D6-A26A-6BC50F750EA8}"
EndProject
Project("{FAE04EC0-301F-11D3-BF4B-00C04F79EFBC}") = "Create-Login User Library", "..\Create-Login User Library\Create-Login User Library.csproj", "{34099653-F207-4C0C-A4EB-79AF2FEAACD0}"
EndProject
Project("{FAE04EC0-301F-11D3-BF4B-00C04F79EFBC}") = "Buddy.Android", "..\..\..\src\Buddy.Android.csproj", "{6051EF7E-1A39-4C5C-A06B-82A9A2B5304F}"
EndProject
Global
	GlobalSection(SolutionConfigurationPlatforms) = preSolution
		Debug|Any CPU = Debug|Any CPU
		Release|Any CPU = Release|Any CPU
	EndGlobalSection
	GlobalSection(ProjectConfigurationPlatforms) = postSolution
		{34099653-F207-4C0C-A4EB-79AF2FEAACD0}.Debug|Any CPU.ActiveCfg = Debug|Any CPU
		{34099653-F207-4C0C-A4EB-79AF2FEAACD0}.Debug|Any CPU.Build.0 = Debug|Any CPU
		{34099653-F207-4C0C-A4EB-79AF2FEAACD0}.Release|Any CPU.ActiveCfg = Release|Any CPU
		{34099653-F207-4C0C-A4EB-79AF2FEAACD0}.Release|Any CPU.Build.0 = Release|Any CPU
		{6051EF7E-1A39-4C5C-A06B-82A9A2B5304F}.Debug|Any CPU.ActiveCfg = Debug|Any CPU
		{6051EF7E-1A39-4C5C-A06B-82A9A2B5304F}.Debug|Any CPU.Build.0 = Debug|Any CPU
		{6051EF7E-1A39-4C5C-A06B-82A9A2B5304F}.Release|Any CPU.ActiveCfg = Release|Any CPU
		{6051EF7E-1A39-4C5C-A06B-82A9A2B5304F}.Release|Any CPU.Build.0 = Release|Any CPU
		{71038434-C2D9-49D6-A26A-6BC50F750EA8}.Debug|Any CPU.ActiveCfg = Debug|Any CPU
		{71038434-C2D9-49D6-A26A-6BC50F750EA8}.Debug|Any CPU.Build.0 = Debug|Any CPU
		{71038434-C2D9-49D6-A26A-6BC50F750EA8}.Release|Any CPU.ActiveCfg = Release|Any CPU
		{71038434-C2D9-49D6-A26A-6BC50F750EA8}.Release|Any CPU.Build.0 = Release|Any CPU
	EndGlobalSection
	GlobalSection(MonoDevelopProperties) = preSolution
		StartupItem = Create-Login User Sample.csproj
	EndGlobalSection
EndGlobal
