// !$*UTF8*$!
{
	archiveVersion = 1;
	classes = {
	};
	objectVersion = 46;
	objects = {

/* Begin PBXBuildFile section */
		013D698C189730C20052B091 /* Foundation.framework in Frameworks */ = {isa = PBXBuildFile; fileRef = 013D698B189730C20052B091 /* Foundation.framework */; };
		013D698E189730C20052B091 /* CoreGraphics.framework in Frameworks */ = {isa = PBXBuildFile; fileRef = 013D698D189730C20052B091 /* CoreGraphics.framework */; };
		013D6990189730C20052B091 /* UIKit.framework in Frameworks */ = {isa = PBXBuildFile; fileRef = 013D698F189730C20052B091 /* UIKit.framework */; };
		013D6996189730C20052B091 /* InfoPlist.strings in Resources */ = {isa = PBXBuildFile; fileRef = 013D6994189730C20052B091 /* InfoPlist.strings */; };
		013D6998189730C20052B091 /* main.m in Sources */ = {isa = PBXBuildFile; fileRef = 013D6997189730C20052B091 /* main.m */; };
		013D699C189730C20052B091 /* AppDelegate.m in Sources */ = {isa = PBXBuildFile; fileRef = 013D699B189730C20052B091 /* AppDelegate.m */; };
		013D699E189730C20052B091 /* Images.xcassets in Resources */ = {isa = PBXBuildFile; fileRef = 013D699D189730C20052B091 /* Images.xcassets */; };
		013D69A5189730C20052B091 /* XCTest.framework in Frameworks */ = {isa = PBXBuildFile; fileRef = 013D69A4189730C20052B091 /* XCTest.framework */; };
		013D69A6189730C20052B091 /* Foundation.framework in Frameworks */ = {isa = PBXBuildFile; fileRef = 013D698B189730C20052B091 /* Foundation.framework */; };
		013D69A7189730C20052B091 /* UIKit.framework in Frameworks */ = {isa = PBXBuildFile; fileRef = 013D698F189730C20052B091 /* UIKit.framework */; };
		013D69AF189730C20052B091 /* InfoPlist.strings in Resources */ = {isa = PBXBuildFile; fileRef = 013D69AD189730C20052B091 /* InfoPlist.strings */; };
		013D69B1189730C20052B091 /* PhotoAlbumTests.m in Sources */ = {isa = PBXBuildFile; fileRef = 013D69B0189730C20052B091 /* PhotoAlbumTests.m */; };
		013D69BB189730D90052B091 /* QuartzCore.framework in Frameworks */ = {isa = PBXBuildFile; fileRef = 013D69BA189730D90052B091 /* QuartzCore.framework */; };
		013D69BD189730E20052B091 /* SystemConfiguration.framework in Frameworks */ = {isa = PBXBuildFile; fileRef = 013D69BC189730E20052B091 /* SystemConfiguration.framework */; };
		013D69BF189730EF0052B091 /* BuddySDK.framework in Frameworks */ = {isa = PBXBuildFile; fileRef = 013D69BE189730EF0052B091 /* BuddySDK.framework */; };
		013D69DB189733B30052B091 /* LoginViewController.m in Sources */ = {isa = PBXBuildFile; fileRef = 013D69D9189733B30052B091 /* LoginViewController.m */; };
		013D69DC189733B30052B091 /* LoginViewController.xib in Resources */ = {isa = PBXBuildFile; fileRef = 013D69DA189733B30052B091 /* LoginViewController.xib */; };
		013D69DF189733C30052B091 /* MBProgressHUD.m in Sources */ = {isa = PBXBuildFile; fileRef = 013D69DE189733C30052B091 /* MBProgressHUD.m */; };
		013D69E5189733DE0052B091 /* RegisterViewController.m in Sources */ = {isa = PBXBuildFile; fileRef = 013D69E1189733DE0052B091 /* RegisterViewController.m */; };
		013D69E6189733DE0052B091 /* RegisterViewController.xib in Resources */ = {isa = PBXBuildFile; fileRef = 013D69E2189733DE0052B091 /* RegisterViewController.xib */; };
		013D69E7189733DE0052B091 /* TPKeyboardAvoidingScrollView.m in Sources */ = {isa = PBXBuildFile; fileRef = 013D69E4189733DE0052B091 /* TPKeyboardAvoidingScrollView.m */; };
		013D69EC189741480052B091 /* MainViewController.m in Sources */ = {isa = PBXBuildFile; fileRef = 013D69EA189741480052B091 /* MainViewController.m */; };
		013D69ED189741480052B091 /* MainViewController.xib in Resources */ = {isa = PBXBuildFile; fileRef = 013D69EB189741480052B091 /* MainViewController.xib */; };
		013D69F0189742510052B091 /* AlbumThumbnailView.xib in Resources */ = {isa = PBXBuildFile; fileRef = 013D69EF189742510052B091 /* AlbumThumbnailView.xib */; };
		013D6A081897478B0052B091 /* popoverArrowDown.png in Resources */ = {isa = PBXBuildFile; fileRef = 013D69F21897478B0052B091 /* popoverArrowDown.png */; };
		013D6A091897478B0052B091 /* popoverArrowDown@2x.png in Resources */ = {isa = PBXBuildFile; fileRef = 013D69F31897478B0052B091 /* popoverArrowDown@2x.png */; };
		013D6A0A1897478B0052B091 /* popoverArrowDownSimple.png in Resources */ = {isa = PBXBuildFile; fileRef = 013D69F41897478B0052B091 /* popoverArrowDownSimple.png */; };
		013D6A0B1897478B0052B091 /* popoverArrowLeft.png in Resources */ = {isa = PBXBuildFile; fileRef = 013D69F51897478B0052B091 /* popoverArrowLeft.png */; };
		013D6A0C1897478B0052B091 /* popoverArrowLeft@2x.png in Resources */ = {isa = PBXBuildFile; fileRef = 013D69F61897478B0052B091 /* popoverArrowLeft@2x.png */; };
		013D6A0D1897478B0052B091 /* popoverArrowLeftSimple.png in Resources */ = {isa = PBXBuildFile; fileRef = 013D69F71897478B0052B091 /* popoverArrowLeftSimple.png */; };
		013D6A0E1897478B0052B091 /* popoverArrowRight.png in Resources */ = {isa = PBXBuildFile; fileRef = 013D69F81897478B0052B091 /* popoverArrowRight.png */; };
		013D6A0F1897478B0052B091 /* popoverArrowRight@2x.png in Resources */ = {isa = PBXBuildFile; fileRef = 013D69F91897478B0052B091 /* popoverArrowRight@2x.png */; };
		013D6A101897478B0052B091 /* popoverArrowRightSimple.png in Resources */ = {isa = PBXBuildFile; fileRef = 013D69FA1897478B0052B091 /* popoverArrowRightSimple.png */; };
		013D6A111897478B0052B091 /* popoverArrowUp.png in Resources */ = {isa = PBXBuildFile; fileRef = 013D69FB1897478B0052B091 /* popoverArrowUp.png */; };
		013D6A121897478B0052B091 /* popoverArrowUp@2x.png in Resources */ = {isa = PBXBuildFile; fileRef = 013D69FC1897478B0052B091 /* popoverArrowUp@2x.png */; };
		013D6A131897478B0052B091 /* popoverArrowUpSimple.png in Resources */ = {isa = PBXBuildFile; fileRef = 013D69FD1897478B0052B091 /* popoverArrowUpSimple.png */; };
		013D6A141897478B0052B091 /* popoverBg.png in Resources */ = {isa = PBXBuildFile; fileRef = 013D69FE1897478B0052B091 /* popoverBg.png */; };
		013D6A151897478B0052B091 /* popoverBg@2x.png in Resources */ = {isa = PBXBuildFile; fileRef = 013D69FF1897478B0052B091 /* popoverBg@2x.png */; };
		013D6A161897478B0052B091 /* popoverBgSimple.png in Resources */ = {isa = PBXBuildFile; fileRef = 013D6A001897478B0052B091 /* popoverBgSimple.png */; };
		013D6A171897478B0052B091 /* WEPopoverContainerView.m in Sources */ = {isa = PBXBuildFile; fileRef = 013D6A021897478B0052B091 /* WEPopoverContainerView.m */; };
		013D6A181897478B0052B091 /* WEPopoverController.m in Sources */ = {isa = PBXBuildFile; fileRef = 013D6A041897478B0052B091 /* WEPopoverController.m */; };
		013D6A191897478B0052B091 /* WETouchableView.m in Sources */ = {isa = PBXBuildFile; fileRef = 013D6A071897478B0052B091 /* WETouchableView.m */; };
/* End PBXBuildFile section */

/* Begin PBXContainerItemProxy section */
		013D69A8189730C20052B091 /* PBXContainerItemProxy */ = {
			isa = PBXContainerItemProxy;
			containerPortal = 013D6980189730C20052B091 /* Project object */;
			proxyType = 1;
			remoteGlobalIDString = 013D6987189730C20052B091;
			remoteInfo = PhotoAlbum;
		};
/* End PBXContainerItemProxy section */

/* Begin PBXFileReference section */
		013D6988189730C20052B091 /* PhotoAlbum.app */ = {isa = PBXFileReference; explicitFileType = wrapper.application; includeInIndex = 0; path = PhotoAlbum.app; sourceTree = BUILT_PRODUCTS_DIR; };
		013D698B189730C20052B091 /* Foundation.framework */ = {isa = PBXFileReference; lastKnownFileType = wrapper.framework; name = Foundation.framework; path = System/Library/Frameworks/Foundation.framework; sourceTree = SDKROOT; };
		013D698D189730C20052B091 /* CoreGraphics.framework */ = {isa = PBXFileReference; lastKnownFileType = wrapper.framework; name = CoreGraphics.framework; path = System/Library/Frameworks/CoreGraphics.framework; sourceTree = SDKROOT; };
		013D698F189730C20052B091 /* UIKit.framework */ = {isa = PBXFileReference; lastKnownFileType = wrapper.framework; name = UIKit.framework; path = System/Library/Frameworks/UIKit.framework; sourceTree = SDKROOT; };
		013D6993189730C20052B091 /* PhotoAlbum-Info.plist */ = {isa = PBXFileReference; lastKnownFileType = text.plist.xml; path = "PhotoAlbum-Info.plist"; sourceTree = "<group>"; };
		013D6995189730C20052B091 /* en */ = {isa = PBXFileReference; lastKnownFileType = text.plist.strings; name = en; path = en.lproj/InfoPlist.strings; sourceTree = "<group>"; };
		013D6997189730C20052B091 /* main.m */ = {isa = PBXFileReference; lastKnownFileType = sourcecode.c.objc; path = main.m; sourceTree = "<group>"; };
		013D6999189730C20052B091 /* PhotoAlbum-Prefix.pch */ = {isa = PBXFileReference; lastKnownFileType = sourcecode.c.h; path = "PhotoAlbum-Prefix.pch"; sourceTree = "<group>"; };
		013D699A189730C20052B091 /* AppDelegate.h */ = {isa = PBXFileReference; lastKnownFileType = sourcecode.c.h; path = AppDelegate.h; sourceTree = "<group>"; };
		013D699B189730C20052B091 /* AppDelegate.m */ = {isa = PBXFileReference; lastKnownFileType = sourcecode.c.objc; path = AppDelegate.m; sourceTree = "<group>"; };
		013D699D189730C20052B091 /* Images.xcassets */ = {isa = PBXFileReference; lastKnownFileType = folder.assetcatalog; path = Images.xcassets; sourceTree = "<group>"; };
		013D69A3189730C20052B091 /* PhotoAlbumTests.xctest */ = {isa = PBXFileReference; explicitFileType = wrapper.cfbundle; includeInIndex = 0; path = PhotoAlbumTests.xctest; sourceTree = BUILT_PRODUCTS_DIR; };
		013D69A4189730C20052B091 /* XCTest.framework */ = {isa = PBXFileReference; lastKnownFileType = wrapper.framework; name = XCTest.framework; path = Library/Frameworks/XCTest.framework; sourceTree = DEVELOPER_DIR; };
		013D69AC189730C20052B091 /* PhotoAlbumTests-Info.plist */ = {isa = PBXFileReference; lastKnownFileType = text.plist.xml; path = "PhotoAlbumTests-Info.plist"; sourceTree = "<group>"; };
		013D69AE189730C20052B091 /* en */ = {isa = PBXFileReference; lastKnownFileType = text.plist.strings; name = en; path = en.lproj/InfoPlist.strings; sourceTree = "<group>"; };
		013D69B0189730C20052B091 /* PhotoAlbumTests.m */ = {isa = PBXFileReference; lastKnownFileType = sourcecode.c.objc; path = PhotoAlbumTests.m; sourceTree = "<group>"; };
		013D69BA189730D90052B091 /* QuartzCore.framework */ = {isa = PBXFileReference; lastKnownFileType = wrapper.framework; name = QuartzCore.framework; path = System/Library/Frameworks/QuartzCore.framework; sourceTree = SDKROOT; };
		013D69BC189730E20052B091 /* SystemConfiguration.framework */ = {isa = PBXFileReference; lastKnownFileType = wrapper.framework; name = SystemConfiguration.framework; path = System/Library/Frameworks/SystemConfiguration.framework; sourceTree = SDKROOT; };
		013D69BE189730EF0052B091 /* BuddySDK.framework */ = {isa = PBXFileReference; lastKnownFileType = wrapper.framework; path = BuddySDK.framework; sourceTree = "<group>"; };
		013D69D8189733B30052B091 /* LoginViewController.h */ = {isa = PBXFileReference; fileEncoding = 4; lastKnownFileType = sourcecode.c.h; name = LoginViewController.h; path = PhotoAlbum/LoginViewController.h; sourceTree = "<group>"; };
		013D69D9189733B30052B091 /* LoginViewController.m */ = {isa = PBXFileReference; fileEncoding = 4; lastKnownFileType = sourcecode.c.objc; name = LoginViewController.m; path = PhotoAlbum/LoginViewController.m; sourceTree = "<group>"; };
		013D69DA189733B30052B091 /* LoginViewController.xib */ = {isa = PBXFileReference; fileEncoding = 4; lastKnownFileType = file.xib; name = LoginViewController.xib; path = PhotoAlbum/LoginViewController.xib; sourceTree = "<group>"; };
		013D69DD189733C30052B091 /* MBProgressHUD.h */ = {isa = PBXFileReference; fileEncoding = 4; lastKnownFileType = sourcecode.c.h; name = MBProgressHUD.h; path = PhotoAlbum/MBProgressHUD.h; sourceTree = "<group>"; };
		013D69DE189733C30052B091 /* MBProgressHUD.m */ = {isa = PBXFileReference; fileEncoding = 4; lastKnownFileType = sourcecode.c.objc; name = MBProgressHUD.m; path = PhotoAlbum/MBProgressHUD.m; sourceTree = "<group>"; };
		013D69E0189733DE0052B091 /* RegisterViewController.h */ = {isa = PBXFileReference; fileEncoding = 4; lastKnownFileType = sourcecode.c.h; name = RegisterViewController.h; path = PhotoAlbum/RegisterViewController.h; sourceTree = "<group>"; };
		013D69E1189733DE0052B091 /* RegisterViewController.m */ = {isa = PBXFileReference; fileEncoding = 4; lastKnownFileType = sourcecode.c.objc; name = RegisterViewController.m; path = PhotoAlbum/RegisterViewController.m; sourceTree = "<group>"; };
		013D69E2189733DE0052B091 /* RegisterViewController.xib */ = {isa = PBXFileReference; fileEncoding = 4; lastKnownFileType = file.xib; name = RegisterViewController.xib; path = PhotoAlbum/RegisterViewController.xib; sourceTree = "<group>"; };
		013D69E3189733DE0052B091 /* TPKeyboardAvoidingScrollView.h */ = {isa = PBXFileReference; fileEncoding = 4; lastKnownFileType = sourcecode.c.h; name = TPKeyboardAvoidingScrollView.h; path = PhotoAlbum/TPKeyboardAvoidingScrollView.h; sourceTree = "<group>"; };
		013D69E4189733DE0052B091 /* TPKeyboardAvoidingScrollView.m */ = {isa = PBXFileReference; fileEncoding = 4; lastKnownFileType = sourcecode.c.objc; name = TPKeyboardAvoidingScrollView.m; path = PhotoAlbum/TPKeyboardAvoidingScrollView.m; sourceTree = "<group>"; };
		013D69E8189733F30052B091 /* Constants.h */ = {isa = PBXFileReference; fileEncoding = 4; lastKnownFileType = sourcecode.c.h; name = Constants.h; path = PhotoAlbum/Constants.h; sourceTree = "<group>"; };
		013D69E9189741480052B091 /* MainViewController.h */ = {isa = PBXFileReference; fileEncoding = 4; lastKnownFileType = sourcecode.c.h; name = MainViewController.h; path = PhotoAlbum/MainViewController.h; sourceTree = "<group>"; };
		013D69EA189741480052B091 /* MainViewController.m */ = {isa = PBXFileReference; fileEncoding = 4; lastKnownFileType = sourcecode.c.objc; name = MainViewController.m; path = PhotoAlbum/MainViewController.m; sourceTree = "<group>"; };
		013D69EB189741480052B091 /* MainViewController.xib */ = {isa = PBXFileReference; fileEncoding = 4; lastKnownFileType = file.xib; name = MainViewController.xib; path = PhotoAlbum/MainViewController.xib; sourceTree = "<group>"; };
		013D69EF189742510052B091 /* AlbumThumbnailView.xib */ = {isa = PBXFileReference; fileEncoding = 4; lastKnownFileType = file.xib; name = AlbumThumbnailView.xib; path = PhotoAlbum/AlbumThumbnailView.xib; sourceTree = "<group>"; };
		013D69F21897478B0052B091 /* popoverArrowDown.png */ = {isa = PBXFileReference; lastKnownFileType = image.png; name = popoverArrowDown.png; path = PhotoAlbum/WEPopover/popoverArrowDown.png; sourceTree = "<group>"; };
		013D69F31897478B0052B091 /* popoverArrowDown@2x.png */ = {isa = PBXFileReference; lastKnownFileType = image.png; name = "popoverArrowDown@2x.png"; path = "PhotoAlbum/WEPopover/popoverArrowDown@2x.png"; sourceTree = "<group>"; };
		013D69F41897478B0052B091 /* popoverArrowDownSimple.png */ = {isa = PBXFileReference; lastKnownFileType = image.png; name = popoverArrowDownSimple.png; path = PhotoAlbum/WEPopover/popoverArrowDownSimple.png; sourceTree = "<group>"; };
		013D69F51897478B0052B091 /* popoverArrowLeft.png */ = {isa = PBXFileReference; lastKnownFileType = image.png; name = popoverArrowLeft.png; path = PhotoAlbum/WEPopover/popoverArrowLeft.png; sourceTree = "<group>"; };
		013D69F61897478B0052B091 /* popoverArrowLeft@2x.png */ = {isa = PBXFileReference; lastKnownFileType = image.png; name = "popoverArrowLeft@2x.png"; path = "PhotoAlbum/WEPopover/popoverArrowLeft@2x.png"; sourceTree = "<group>"; };
		013D69F71897478B0052B091 /* popoverArrowLeftSimple.png */ = {isa = PBXFileReference; lastKnownFileType = image.png; name = popoverArrowLeftSimple.png; path = PhotoAlbum/WEPopover/popoverArrowLeftSimple.png; sourceTree = "<group>"; };
		013D69F81897478B0052B091 /* popoverArrowRight.png */ = {isa = PBXFileReference; lastKnownFileType = image.png; name = popoverArrowRight.png; path = PhotoAlbum/WEPopover/popoverArrowRight.png; sourceTree = "<group>"; };
		013D69F91897478B0052B091 /* popoverArrowRight@2x.png */ = {isa = PBXFileReference; lastKnownFileType = image.png; name = "popoverArrowRight@2x.png"; path = "PhotoAlbum/WEPopover/popoverArrowRight@2x.png"; sourceTree = "<group>"; };
		013D69FA1897478B0052B091 /* popoverArrowRightSimple.png */ = {isa = PBXFileReference; lastKnownFileType = image.png; name = popoverArrowRightSimple.png; path = PhotoAlbum/WEPopover/popoverArrowRightSimple.png; sourceTree = "<group>"; };
		013D69FB1897478B0052B091 /* popoverArrowUp.png */ = {isa = PBXFileReference; lastKnownFileType = image.png; name = popoverArrowUp.png; path = PhotoAlbum/WEPopover/popoverArrowUp.png; sourceTree = "<group>"; };
		013D69FC1897478B0052B091 /* popoverArrowUp@2x.png */ = {isa = PBXFileReference; lastKnownFileType = image.png; name = "popoverArrowUp@2x.png"; path = "PhotoAlbum/WEPopover/popoverArrowUp@2x.png"; sourceTree = "<group>"; };
		013D69FD1897478B0052B091 /* popoverArrowUpSimple.png */ = {isa = PBXFileReference; lastKnownFileType = image.png; name = popoverArrowUpSimple.png; path = PhotoAlbum/WEPopover/popoverArrowUpSimple.png; sourceTree = "<group>"; };
		013D69FE1897478B0052B091 /* popoverBg.png */ = {isa = PBXFileReference; lastKnownFileType = image.png; name = popoverBg.png; path = PhotoAlbum/WEPopover/popoverBg.png; sourceTree = "<group>"; };
		013D69FF1897478B0052B091 /* popoverBg@2x.png */ = {isa = PBXFileReference; lastKnownFileType = image.png; name = "popoverBg@2x.png"; path = "PhotoAlbum/WEPopover/popoverBg@2x.png"; sourceTree = "<group>"; };
		013D6A001897478B0052B091 /* popoverBgSimple.png */ = {isa = PBXFileReference; lastKnownFileType = image.png; name = popoverBgSimple.png; path = PhotoAlbum/WEPopover/popoverBgSimple.png; sourceTree = "<group>"; };
		013D6A011897478B0052B091 /* WEPopoverContainerView.h */ = {isa = PBXFileReference; fileEncoding = 4; lastKnownFileType = sourcecode.c.h; name = WEPopoverContainerView.h; path = PhotoAlbum/WEPopover/WEPopoverContainerView.h; sourceTree = "<group>"; };
		013D6A021897478B0052B091 /* WEPopoverContainerView.m */ = {isa = PBXFileReference; fileEncoding = 4; lastKnownFileType = sourcecode.c.objc; name = WEPopoverContainerView.m; path = PhotoAlbum/WEPopover/WEPopoverContainerView.m; sourceTree = "<group>"; };
		013D6A031897478B0052B091 /* WEPopoverController.h */ = {isa = PBXFileReference; fileEncoding = 4; lastKnownFileType = sourcecode.c.h; name = WEPopoverController.h; path = PhotoAlbum/WEPopover/WEPopoverController.h; sourceTree = "<group>"; };
		013D6A041897478B0052B091 /* WEPopoverController.m */ = {isa = PBXFileReference; fileEncoding = 4; lastKnownFileType = sourcecode.c.objc; name = WEPopoverController.m; path = PhotoAlbum/WEPopover/WEPopoverController.m; sourceTree = "<group>"; };
		013D6A051897478B0052B091 /* WEPopoverParentView.h */ = {isa = PBXFileReference; fileEncoding = 4; lastKnownFileType = sourcecode.c.h; name = WEPopoverParentView.h; path = PhotoAlbum/WEPopover/WEPopoverParentView.h; sourceTree = "<group>"; };
		013D6A061897478B0052B091 /* WETouchableView.h */ = {isa = PBXFileReference; fileEncoding = 4; lastKnownFileType = sourcecode.c.h; name = WETouchableView.h; path = PhotoAlbum/WEPopover/WETouchableView.h; sourceTree = "<group>"; };
		013D6A071897478B0052B091 /* WETouchableView.m */ = {isa = PBXFileReference; fileEncoding = 4; lastKnownFileType = sourcecode.c.objc; name = WETouchableView.m; path = PhotoAlbum/WEPopover/WETouchableView.m; sourceTree = "<group>"; };
/* End PBXFileReference section */

/* Begin PBXFrameworksBuildPhase section */
		013D6985189730C20052B091 /* Frameworks */ = {
			isa = PBXFrameworksBuildPhase;
			buildActionMask = 2147483647;
			files = (
				013D69BD189730E20052B091 /* SystemConfiguration.framework in Frameworks */,
				013D69BB189730D90052B091 /* QuartzCore.framework in Frameworks */,
				013D698E189730C20052B091 /* CoreGraphics.framework in Frameworks */,
				013D6990189730C20052B091 /* UIKit.framework in Frameworks */,
				013D69BF189730EF0052B091 /* BuddySDK.framework in Frameworks */,
				013D698C189730C20052B091 /* Foundation.framework in Frameworks */,
			);
			runOnlyForDeploymentPostprocessing = 0;
		};
		013D69A0189730C20052B091 /* Frameworks */ = {
			isa = PBXFrameworksBuildPhase;
			buildActionMask = 2147483647;
			files = (
				013D69A5189730C20052B091 /* XCTest.framework in Frameworks */,
				013D69A7189730C20052B091 /* UIKit.framework in Frameworks */,
				013D69A6189730C20052B091 /* Foundation.framework in Frameworks */,
			);
			runOnlyForDeploymentPostprocessing = 0;
		};
/* End PBXFrameworksBuildPhase section */

/* Begin PBXGroup section */
		013D697F189730C20052B091 = {
			isa = PBXGroup;
			children = (
				013D69EE189741640052B091 /* MainView */,
				013D69E8189733F30052B091 /* Constants.h */,
				013D69CC189732670052B091 /* 3rd Party */,
				013D69C1189731530052B091 /* Auth */,
				013D6991189730C20052B091 /* PhotoAlbum */,
				013D69AA189730C20052B091 /* PhotoAlbumTests */,
				013D698A189730C20052B091 /* Frameworks */,
				013D6989189730C20052B091 /* Products */,
			);
			sourceTree = "<group>";
		};
		013D6989189730C20052B091 /* Products */ = {
			isa = PBXGroup;
			children = (
				013D6988189730C20052B091 /* PhotoAlbum.app */,
				013D69A3189730C20052B091 /* PhotoAlbumTests.xctest */,
			);
			name = Products;
			sourceTree = "<group>";
		};
		013D698A189730C20052B091 /* Frameworks */ = {
			isa = PBXGroup;
			children = (
				013D69BE189730EF0052B091 /* BuddySDK.framework */,
				013D69BC189730E20052B091 /* SystemConfiguration.framework */,
				013D69BA189730D90052B091 /* QuartzCore.framework */,
				013D698B189730C20052B091 /* Foundation.framework */,
				013D698D189730C20052B091 /* CoreGraphics.framework */,
				013D698F189730C20052B091 /* UIKit.framework */,
				013D69A4189730C20052B091 /* XCTest.framework */,
			);
			name = Frameworks;
			sourceTree = "<group>";
		};
		013D6991189730C20052B091 /* PhotoAlbum */ = {
			isa = PBXGroup;
			children = (
				013D699A189730C20052B091 /* AppDelegate.h */,
				013D699B189730C20052B091 /* AppDelegate.m */,
				013D699D189730C20052B091 /* Images.xcassets */,
				013D6992189730C20052B091 /* Supporting Files */,
			);
			path = PhotoAlbum;
			sourceTree = "<group>";
		};
		013D6992189730C20052B091 /* Supporting Files */ = {
			isa = PBXGroup;
			children = (
				013D6993189730C20052B091 /* PhotoAlbum-Info.plist */,
				013D6994189730C20052B091 /* InfoPlist.strings */,
				013D6997189730C20052B091 /* main.m */,
				013D6999189730C20052B091 /* PhotoAlbum-Prefix.pch */,
			);
			name = "Supporting Files";
			sourceTree = "<group>";
		};
		013D69AA189730C20052B091 /* PhotoAlbumTests */ = {
			isa = PBXGroup;
			children = (
				013D69B0189730C20052B091 /* PhotoAlbumTests.m */,
				013D69AB189730C20052B091 /* Supporting Files */,
			);
			path = PhotoAlbumTests;
			sourceTree = "<group>";
		};
		013D69AB189730C20052B091 /* Supporting Files */ = {
			isa = PBXGroup;
			children = (
				013D69AC189730C20052B091 /* PhotoAlbumTests-Info.plist */,
				013D69AD189730C20052B091 /* InfoPlist.strings */,
			);
			name = "Supporting Files";
			sourceTree = "<group>";
		};
		013D69C1189731530052B091 /* Auth */ = {
			isa = PBXGroup;
			children = (
				013D69E0189733DE0052B091 /* RegisterViewController.h */,
				013D69E1189733DE0052B091 /* RegisterViewController.m */,
				013D69E2189733DE0052B091 /* RegisterViewController.xib */,
				013D69D8189733B30052B091 /* LoginViewController.h */,
				013D69D9189733B30052B091 /* LoginViewController.m */,
				013D69DA189733B30052B091 /* LoginViewController.xib */,
			);
			name = Auth;
			sourceTree = "<group>";
		};
		013D69CC189732670052B091 /* 3rd Party */ = {
			isa = PBXGroup;
			children = (
				013D69F1189743590052B091 /* WEPopover */,
				013D69CE189732830052B091 /* TPKBDAvoider */,
				013D69CD189732770052B091 /* MBProgressHUD */,
			);
			name = "3rd Party";
			sourceTree = "<group>";
		};
		013D69CD189732770052B091 /* MBProgressHUD */ = {
			isa = PBXGroup;
			children = (
				013D69DD189733C30052B091 /* MBProgressHUD.h */,
				013D69DE189733C30052B091 /* MBProgressHUD.m */,
			);
			name = MBProgressHUD;
			sourceTree = "<group>";
		};
		013D69CE189732830052B091 /* TPKBDAvoider */ = {
			isa = PBXGroup;
			children = (
				013D69E3189733DE0052B091 /* TPKeyboardAvoidingScrollView.h */,
				013D69E4189733DE0052B091 /* TPKeyboardAvoidingScrollView.m */,
			);
			name = TPKBDAvoider;
			sourceTree = "<group>";
		};
		013D69EE189741640052B091 /* MainView */ = {
			isa = PBXGroup;
			children = (
				013D69E9189741480052B091 /* MainViewController.h */,
				013D69EA189741480052B091 /* MainViewController.m */,
				013D69EB189741480052B091 /* MainViewController.xib */,
				013D69EF189742510052B091 /* AlbumThumbnailView.xib */,
			);
			name = MainView;
			sourceTree = "<group>";
		};
		013D69F1189743590052B091 /* WEPopover */ = {
			isa = PBXGroup;
			children = (
				013D69F21897478B0052B091 /* popoverArrowDown.png */,
				013D69F31897478B0052B091 /* popoverArrowDown@2x.png */,
				013D69F41897478B0052B091 /* popoverArrowDownSimple.png */,
				013D69F51897478B0052B091 /* popoverArrowLeft.png */,
				013D69F61897478B0052B091 /* popoverArrowLeft@2x.png */,
				013D69F71897478B0052B091 /* popoverArrowLeftSimple.png */,
				013D69F81897478B0052B091 /* popoverArrowRight.png */,
				013D69F91897478B0052B091 /* popoverArrowRight@2x.png */,
				013D69FA1897478B0052B091 /* popoverArrowRightSimple.png */,
				013D69FB1897478B0052B091 /* popoverArrowUp.png */,
				013D69FC1897478B0052B091 /* popoverArrowUp@2x.png */,
				013D69FD1897478B0052B091 /* popoverArrowUpSimple.png */,
				013D69FE1897478B0052B091 /* popoverBg.png */,
				013D69FF1897478B0052B091 /* popoverBg@2x.png */,
				013D6A001897478B0052B091 /* popoverBgSimple.png */,
				013D6A011897478B0052B091 /* WEPopoverContainerView.h */,
				013D6A021897478B0052B091 /* WEPopoverContainerView.m */,
				013D6A031897478B0052B091 /* WEPopoverController.h */,
				013D6A041897478B0052B091 /* WEPopoverController.m */,
				013D6A051897478B0052B091 /* WEPopoverParentView.h */,
				013D6A061897478B0052B091 /* WETouchableView.h */,
				013D6A071897478B0052B091 /* WETouchableView.m */,
			);
			name = WEPopover;
			sourceTree = "<group>";
		};
/* End PBXGroup section */

/* Begin PBXNativeTarget section */
		013D6987189730C20052B091 /* PhotoAlbum */ = {
			isa = PBXNativeTarget;
			buildConfigurationList = 013D69B4189730C20052B091 /* Build configuration list for PBXNativeTarget "PhotoAlbum" */;
			buildPhases = (
				013D6984189730C20052B091 /* Sources */,
				013D6985189730C20052B091 /* Frameworks */,
				013D6986189730C20052B091 /* Resources */,
			);
			buildRules = (
			);
			dependencies = (
			);
			name = PhotoAlbum;
			productName = PhotoAlbum;
			productReference = 013D6988189730C20052B091 /* PhotoAlbum.app */;
			productType = "com.apple.product-type.application";
		};
		013D69A2189730C20052B091 /* PhotoAlbumTests */ = {
			isa = PBXNativeTarget;
			buildConfigurationList = 013D69B7189730C20052B091 /* Build configuration list for PBXNativeTarget "PhotoAlbumTests" */;
			buildPhases = (
				013D699F189730C20052B091 /* Sources */,
				013D69A0189730C20052B091 /* Frameworks */,
				013D69A1189730C20052B091 /* Resources */,
			);
			buildRules = (
			);
			dependencies = (
				013D69A9189730C20052B091 /* PBXTargetDependency */,
			);
			name = PhotoAlbumTests;
			productName = PhotoAlbumTests;
			productReference = 013D69A3189730C20052B091 /* PhotoAlbumTests.xctest */;
			productType = "com.apple.product-type.bundle.unit-test";
		};
/* End PBXNativeTarget section */

/* Begin PBXProject section */
		013D6980189730C20052B091 /* Project object */ = {
			isa = PBXProject;
			attributes = {
				LastUpgradeCheck = 0500;
				ORGANIZATIONNAME = "Buddy Platform";
				TargetAttributes = {
					013D69A2189730C20052B091 = {
						TestTargetID = 013D6987189730C20052B091;
					};
				};
			};
			buildConfigurationList = 013D6983189730C20052B091 /* Build configuration list for PBXProject "PhotoAlbum" */;
			compatibilityVersion = "Xcode 3.2";
			developmentRegion = English;
			hasScannedForEncodings = 0;
			knownRegions = (
				en,
			);
			mainGroup = 013D697F189730C20052B091;
			productRefGroup = 013D6989189730C20052B091 /* Products */;
			projectDirPath = "";
			projectRoot = "";
			targets = (
				013D6987189730C20052B091 /* PhotoAlbum */,
				013D69A2189730C20052B091 /* PhotoAlbumTests */,
			);
		};
/* End PBXProject section */

/* Begin PBXResourcesBuildPhase section */
		013D6986189730C20052B091 /* Resources */ = {
			isa = PBXResourcesBuildPhase;
			buildActionMask = 2147483647;
			files = (
				013D6A111897478B0052B091 /* popoverArrowUp.png in Resources */,
				013D6A0D1897478B0052B091 /* popoverArrowLeftSimple.png in Resources */,
				013D6A0B1897478B0052B091 /* popoverArrowLeft.png in Resources */,
				013D6A101897478B0052B091 /* popoverArrowRightSimple.png in Resources */,
				013D6A0E1897478B0052B091 /* popoverArrowRight.png in Resources */,
				013D6A161897478B0052B091 /* popoverBgSimple.png in Resources */,
				013D6A121897478B0052B091 /* popoverArrowUp@2x.png in Resources */,
				013D6A081897478B0052B091 /* popoverArrowDown.png in Resources */,
				013D6996189730C20052B091 /* InfoPlist.strings in Resources */,
				013D6A131897478B0052B091 /* popoverArrowUpSimple.png in Resources */,
				013D6A151897478B0052B091 /* popoverBg@2x.png in Resources */,
				013D6A091897478B0052B091 /* popoverArrowDown@2x.png in Resources */,
				013D69F0189742510052B091 /* AlbumThumbnailView.xib in Resources */,
				013D699E189730C20052B091 /* Images.xcassets in Resources */,
				013D69ED189741480052B091 /* MainViewController.xib in Resources */,
				013D6A0F1897478B0052B091 /* popoverArrowRight@2x.png in Resources */,
				013D6A0C1897478B0052B091 /* popoverArrowLeft@2x.png in Resources */,
				013D6A141897478B0052B091 /* popoverBg.png in Resources */,
				013D6A0A1897478B0052B091 /* popoverArrowDownSimple.png in Resources */,
				013D69DC189733B30052B091 /* LoginViewController.xib in Resources */,
				013D69E6189733DE0052B091 /* RegisterViewController.xib in Resources */,
			);
			runOnlyForDeploymentPostprocessing = 0;
		};
		013D69A1189730C20052B091 /* Resources */ = {
			isa = PBXResourcesBuildPhase;
			buildActionMask = 2147483647;
			files = (
				013D69AF189730C20052B091 /* InfoPlist.strings in Resources */,
			);
			runOnlyForDeploymentPostprocessing = 0;
		};
/* End PBXResourcesBuildPhase section */

/* Begin PBXSourcesBuildPhase section */
		013D6984189730C20052B091 /* Sources */ = {
			isa = PBXSourcesBuildPhase;
			buildActionMask = 2147483647;
			files = (
				013D6A171897478B0052B091 /* WEPopoverContainerView.m in Sources */,
				013D69E5189733DE0052B091 /* RegisterViewController.m in Sources */,
				013D69DB189733B30052B091 /* LoginViewController.m in Sources */,
				013D699C189730C20052B091 /* AppDelegate.m in Sources */,
				013D6A181897478B0052B091 /* WEPopoverController.m in Sources */,
				013D69E7189733DE0052B091 /* TPKeyboardAvoidingScrollView.m in Sources */,
				013D6A191897478B0052B091 /* WETouchableView.m in Sources */,
				013D69EC189741480052B091 /* MainViewController.m in Sources */,
				013D69DF189733C30052B091 /* MBProgressHUD.m in Sources */,
				013D6998189730C20052B091 /* main.m in Sources */,
			);
			runOnlyForDeploymentPostprocessing = 0;
		};
		013D699F189730C20052B091 /* Sources */ = {
			isa = PBXSourcesBuildPhase;
			buildActionMask = 2147483647;
			files = (
				013D69B1189730C20052B091 /* PhotoAlbumTests.m in Sources */,
			);
			runOnlyForDeploymentPostprocessing = 0;
		};
/* End PBXSourcesBuildPhase section */

/* Begin PBXTargetDependency section */
		013D69A9189730C20052B091 /* PBXTargetDependency */ = {
			isa = PBXTargetDependency;
			target = 013D6987189730C20052B091 /* PhotoAlbum */;
			targetProxy = 013D69A8189730C20052B091 /* PBXContainerItemProxy */;
		};
/* End PBXTargetDependency section */

/* Begin PBXVariantGroup section */
		013D6994189730C20052B091 /* InfoPlist.strings */ = {
			isa = PBXVariantGroup;
			children = (
				013D6995189730C20052B091 /* en */,
			);
			name = InfoPlist.strings;
			sourceTree = "<group>";
		};
		013D69AD189730C20052B091 /* InfoPlist.strings */ = {
			isa = PBXVariantGroup;
			children = (
				013D69AE189730C20052B091 /* en */,
			);
			name = InfoPlist.strings;
			sourceTree = "<group>";
		};
/* End PBXVariantGroup section */

/* Begin XCBuildConfiguration section */
		013D69B2189730C20052B091 /* Debug */ = {
			isa = XCBuildConfiguration;
			buildSettings = {
				ALWAYS_SEARCH_USER_PATHS = NO;
				ARCHS = "$(ARCHS_STANDARD_INCLUDING_64_BIT)";
				CLANG_CXX_LANGUAGE_STANDARD = "gnu++0x";
				CLANG_CXX_LIBRARY = "libc++";
				CLANG_ENABLE_MODULES = YES;
				CLANG_ENABLE_OBJC_ARC = YES;
				CLANG_WARN_BOOL_CONVERSION = YES;
				CLANG_WARN_CONSTANT_CONVERSION = YES;
				CLANG_WARN_DIRECT_OBJC_ISA_USAGE = YES_ERROR;
				CLANG_WARN_EMPTY_BODY = YES;
				CLANG_WARN_ENUM_CONVERSION = YES;
				CLANG_WARN_INT_CONVERSION = YES;
				CLANG_WARN_OBJC_ROOT_CLASS = YES_ERROR;
				CLANG_WARN__DUPLICATE_METHOD_MATCH = YES;
				"CODE_SIGN_IDENTITY[sdk=iphoneos*]" = "iPhone Developer";
				COPY_PHASE_STRIP = NO;
				GCC_C_LANGUAGE_STANDARD = gnu99;
				GCC_DYNAMIC_NO_PIC = NO;
				GCC_OPTIMIZATION_LEVEL = 0;
				GCC_PREPROCESSOR_DEFINITIONS = (
					"DEBUG=1",
					"$(inherited)",
				);
				GCC_SYMBOLS_PRIVATE_EXTERN = NO;
				GCC_WARN_64_TO_32_BIT_CONVERSION = YES;
				GCC_WARN_ABOUT_RETURN_TYPE = YES_ERROR;
				GCC_WARN_UNDECLARED_SELECTOR = YES;
				GCC_WARN_UNINITIALIZED_AUTOS = YES;
				GCC_WARN_UNUSED_FUNCTION = YES;
				GCC_WARN_UNUSED_VARIABLE = YES;
				IPHONEOS_DEPLOYMENT_TARGET = 7.0;
				ONLY_ACTIVE_ARCH = YES;
				SDKROOT = iphoneos;
			};
			name = Debug;
		};
		013D69B3189730C20052B091 /* Release */ = {
			isa = XCBuildConfiguration;
			buildSettings = {
				ALWAYS_SEARCH_USER_PATHS = NO;
				ARCHS = "$(ARCHS_STANDARD_INCLUDING_64_BIT)";
				CLANG_CXX_LANGUAGE_STANDARD = "gnu++0x";
				CLANG_CXX_LIBRARY = "libc++";
				CLANG_ENABLE_MODULES = YES;
				CLANG_ENABLE_OBJC_ARC = YES;
				CLANG_WARN_BOOL_CONVERSION = YES;
				CLANG_WARN_CONSTANT_CONVERSION = YES;
				CLANG_WARN_DIRECT_OBJC_ISA_USAGE = YES_ERROR;
				CLANG_WARN_EMPTY_BODY = YES;
				CLANG_WARN_ENUM_CONVERSION = YES;
				CLANG_WARN_INT_CONVERSION = YES;
				CLANG_WARN_OBJC_ROOT_CLASS = YES_ERROR;
				CLANG_WARN__DUPLICATE_METHOD_MATCH = YES;
				"CODE_SIGN_IDENTITY[sdk=iphoneos*]" = "iPhone Developer";
				COPY_PHASE_STRIP = YES;
				ENABLE_NS_ASSERTIONS = NO;
				GCC_C_LANGUAGE_STANDARD = gnu99;
				GCC_WARN_64_TO_32_BIT_CONVERSION = YES;
				GCC_WARN_ABOUT_RETURN_TYPE = YES_ERROR;
				GCC_WARN_UNDECLARED_SELECTOR = YES;
				GCC_WARN_UNINITIALIZED_AUTOS = YES;
				GCC_WARN_UNUSED_FUNCTION = YES;
				GCC_WARN_UNUSED_VARIABLE = YES;
				IPHONEOS_DEPLOYMENT_TARGET = 7.0;
				SDKROOT = iphoneos;
				VALIDATE_PRODUCT = YES;
			};
			name = Release;
		};
		013D69B5189730C20052B091 /* Debug */ = {
			isa = XCBuildConfiguration;
			buildSettings = {
				ASSETCATALOG_COMPILER_APPICON_NAME = AppIcon;
				ASSETCATALOG_COMPILER_LAUNCHIMAGE_NAME = LaunchImage;
				FRAMEWORK_SEARCH_PATHS = (
					"$(inherited)",
					"$(SRCROOT)",
				);
				GCC_PRECOMPILE_PREFIX_HEADER = YES;
				GCC_PREFIX_HEADER = "PhotoAlbum/PhotoAlbum-Prefix.pch";
				INFOPLIST_FILE = "PhotoAlbum/PhotoAlbum-Info.plist";
				PRODUCT_NAME = "$(TARGET_NAME)";
				WRAPPER_EXTENSION = app;
			};
			name = Debug;
		};
		013D69B6189730C20052B091 /* Release */ = {
			isa = XCBuildConfiguration;
			buildSettings = {
				ASSETCATALOG_COMPILER_APPICON_NAME = AppIcon;
				ASSETCATALOG_COMPILER_LAUNCHIMAGE_NAME = LaunchImage;
				FRAMEWORK_SEARCH_PATHS = (
					"$(inherited)",
					"$(SRCROOT)",
				);
				GCC_PRECOMPILE_PREFIX_HEADER = YES;
				GCC_PREFIX_HEADER = "PhotoAlbum/PhotoAlbum-Prefix.pch";
				INFOPLIST_FILE = "PhotoAlbum/PhotoAlbum-Info.plist";
				PRODUCT_NAME = "$(TARGET_NAME)";
				WRAPPER_EXTENSION = app;
			};
			name = Release;
		};
		013D69B8189730C20052B091 /* Debug */ = {
			isa = XCBuildConfiguration;
			buildSettings = {
				ARCHS = "$(ARCHS_STANDARD_INCLUDING_64_BIT)";
				BUNDLE_LOADER = "$(BUILT_PRODUCTS_DIR)/PhotoAlbum.app/PhotoAlbum";
				FRAMEWORK_SEARCH_PATHS = (
					"$(SDKROOT)/Developer/Library/Frameworks",
					"$(inherited)",
					"$(DEVELOPER_FRAMEWORKS_DIR)",
				);
				GCC_PRECOMPILE_PREFIX_HEADER = YES;
				GCC_PREFIX_HEADER = "PhotoAlbum/PhotoAlbum-Prefix.pch";
				GCC_PREPROCESSOR_DEFINITIONS = (
					"DEBUG=1",
					"$(inherited)",
				);
				INFOPLIST_FILE = "PhotoAlbumTests/PhotoAlbumTests-Info.plist";
				PRODUCT_NAME = "$(TARGET_NAME)";
				TEST_HOST = "$(BUNDLE_LOADER)";
				WRAPPER_EXTENSION = xctest;
			};
			name = Debug;
		};
		013D69B9189730C20052B091 /* Release */ = {
			isa = XCBuildConfiguration;
			buildSettings = {
				ARCHS = "$(ARCHS_STANDARD_INCLUDING_64_BIT)";
				BUNDLE_LOADER = "$(BUILT_PRODUCTS_DIR)/PhotoAlbum.app/PhotoAlbum";
				FRAMEWORK_SEARCH_PATHS = (
					"$(SDKROOT)/Developer/Library/Frameworks",
					"$(inherited)",
					"$(DEVELOPER_FRAMEWORKS_DIR)",
				);
				GCC_PRECOMPILE_PREFIX_HEADER = YES;
				GCC_PREFIX_HEADER = "PhotoAlbum/PhotoAlbum-Prefix.pch";
				INFOPLIST_FILE = "PhotoAlbumTests/PhotoAlbumTests-Info.plist";
				PRODUCT_NAME = "$(TARGET_NAME)";
				TEST_HOST = "$(BUNDLE_LOADER)";
				WRAPPER_EXTENSION = xctest;
			};
			name = Release;
		};
/* End XCBuildConfiguration section */

/* Begin XCConfigurationList section */
		013D6983189730C20052B091 /* Build configuration list for PBXProject "PhotoAlbum" */ = {
			isa = XCConfigurationList;
			buildConfigurations = (
				013D69B2189730C20052B091 /* Debug */,
				013D69B3189730C20052B091 /* Release */,
			);
			defaultConfigurationIsVisible = 0;
			defaultConfigurationName = Release;
		};
		013D69B4189730C20052B091 /* Build configuration list for PBXNativeTarget "PhotoAlbum" */ = {
			isa = XCConfigurationList;
			buildConfigurations = (
				013D69B5189730C20052B091 /* Debug */,
				013D69B6189730C20052B091 /* Release */,
			);
			defaultConfigurationIsVisible = 0;
		};
		013D69B7189730C20052B091 /* Build configuration list for PBXNativeTarget "PhotoAlbumTests" */ = {
			isa = XCConfigurationList;
			buildConfigurations = (
				013D69B8189730C20052B091 /* Debug */,
				013D69B9189730C20052B091 /* Release */,
			);
			defaultConfigurationIsVisible = 0;
		};
/* End XCConfigurationList section */
	};
	rootObject = 013D6980189730C20052B091 /* Project object */;
}
