
Microsoft Visual Studio Solution File, Format Version 11.00
# Visual Studio 2010
Project("{FAE04EC0-301F-11D3-BF4B-00C04F79EFBC}") = "iOSTests", "iOSTests.csproj", "{DBAB7943-9D4F-4CAF-A8B6-B571C625E16F}"
EndProject
Project("{FAE04EC0-301F-11D3-BF4B-00C04F79EFBC}") = "Buddy.iOS", "..\..\src\Buddy.iOS.csproj", "{6CDE8A47-1F4D-489D-B06B-7C334C76886A}"
EndProject
Global
	GlobalSection(SolutionConfigurationPlatforms) = preSolution
		Debug|iPhoneSimulator = Debug|iPhoneSimulator
		Release|iPhoneSimulator = Release|iPhoneSimulator
		Debug|iPhone = Debug|iPhone
		Release|iPhone = Release|iPhone
		Ad-Hoc|iPhone = Ad-Hoc|iPhone
		AppStore|iPhone = AppStore|iPhone
	EndGlobalSection
	GlobalSection(ProjectConfigurationPlatforms) = postSolution
		{6CDE8A47-1F4D-489D-B06B-7C334C76886A}.Ad-Hoc|iPhone.ActiveCfg = Release|Any CPU
		{6CDE8A47-1F4D-489D-B06B-7C334C76886A}.Ad-Hoc|iPhone.Build.0 = Release|Any CPU
		{6CDE8A47-1F4D-489D-B06B-7C334C76886A}.AppStore|iPhone.ActiveCfg = Release|Any CPU
		{6CDE8A47-1F4D-489D-B06B-7C334C76886A}.AppStore|iPhone.Build.0 = Release|Any CPU
		{6CDE8A47-1F4D-489D-B06B-7C334C76886A}.Debug|iPhone.ActiveCfg = Debug|Any CPU
		{6CDE8A47-1F4D-489D-B06B-7C334C76886A}.Debug|iPhone.Build.0 = Debug|Any CPU
		{6CDE8A47-1F4D-489D-B06B-7C334C76886A}.Debug|iPhoneSimulator.ActiveCfg = Debug|Any CPU
		{6CDE8A47-1F4D-489D-B06B-7C334C76886A}.Debug|iPhoneSimulator.Build.0 = Debug|Any CPU
		{6CDE8A47-1F4D-489D-B06B-7C334C76886A}.Release|iPhone.ActiveCfg = Release|Any CPU
		{6CDE8A47-1F4D-489D-B06B-7C334C76886A}.Release|iPhone.Build.0 = Release|Any CPU
		{6CDE8A47-1F4D-489D-B06B-7C334C76886A}.Release|iPhoneSimulator.ActiveCfg = Release|Any CPU
		{6CDE8A47-1F4D-489D-B06B-7C334C76886A}.Release|iPhoneSimulator.Build.0 = Release|Any CPU
		{DBAB7943-9D4F-4CAF-A8B6-B571C625E16F}.Ad-Hoc|iPhone.ActiveCfg = Ad-Hoc|iPhone
		{DBAB7943-9D4F-4CAF-A8B6-B571C625E16F}.Ad-Hoc|iPhone.Build.0 = Ad-Hoc|iPhone
		{DBAB7943-9D4F-4CAF-A8B6-B571C625E16F}.AppStore|iPhone.ActiveCfg = AppStore|iPhone
		{DBAB7943-9D4F-4CAF-A8B6-B571C625E16F}.AppStore|iPhone.Build.0 = AppStore|iPhone
		{DBAB7943-9D4F-4CAF-A8B6-B571C625E16F}.Debug|iPhone.ActiveCfg = Debug|iPhone
		{DBAB7943-9D4F-4CAF-A8B6-B571C625E16F}.Debug|iPhone.Build.0 = Debug|iPhone
		{DBAB7943-9D4F-4CAF-A8B6-B571C625E16F}.Debug|iPhoneSimulator.ActiveCfg = Debug|iPhoneSimulator
		{DBAB7943-9D4F-4CAF-A8B6-B571C625E16F}.Debug|iPhoneSimulator.Build.0 = Debug|iPhoneSimulator
		{DBAB7943-9D4F-4CAF-A8B6-B571C625E16F}.Release|iPhone.ActiveCfg = Release|iPhone
		{DBAB7943-9D4F-4CAF-A8B6-B571C625E16F}.Release|iPhone.Build.0 = Release|iPhone
		{DBAB7943-9D4F-4CAF-A8B6-B571C625E16F}.Release|iPhoneSimulator.ActiveCfg = Release|iPhoneSimulator
		{DBAB7943-9D4F-4CAF-A8B6-B571C625E16F}.Release|iPhoneSimulator.Build.0 = Release|iPhoneSimulator
	EndGlobalSection
	GlobalSection(MonoDevelopProperties) = preSolution
		StartupItem = iOSTests.csproj
	EndGlobalSection
EndGlobal
